
Microsoft Visual Studio Solution File, Format Version 12.00
# Visual Studio 15
VisualStudioVersion = 15.0.25920.0
MinimumVisualStudioVersion = 10.0.40219.1
Project("{2150E333-8FDC-42A3-9474-1A3956D46DE8}") = "src", "src", "{4D228D77-9F07-4157-9F50-C95B41A4203F}"
EndProject
Project("{2150E333-8FDC-42A3-9474-1A3956D46DE8}") = "global", "global", "{3192E39D-CEBB-4C4F-A1D1-5F6588519D40}"
	ProjectSection(SolutionItems) = preProject
		.build.ps1 = .build.ps1
		.gitattributes = .gitattributes
		.gitignore = .gitignore
		appveyor.yml = appveyor.yml
		Common.props = Common.props
		global.json = global.json
		LICENSE = LICENSE
		README.md = README.md
	EndProjectSection
EndProject
Project("{2150E333-8FDC-42A3-9474-1A3956D46DE8}") = "samples", "samples", "{4C0F7C6B-9CA6-4398-BCA0-4B8376B4E49C}"
EndProject
Project("{9A19103F-16F7-4668-BE54-9A1E7A4F7556}") = "Moon.AspNetCore", "src\Moon.AspNetCore\Moon.AspNetCore.csproj", "{6E1E806B-E035-4220-B6B5-972A24C1EAD9}"
EndProject
Project("{9A19103F-16F7-4668-BE54-9A1E7A4F7556}") = "Moon.AspNetCore.Authentication.Basic", "src\Moon.AspNetCore.Authentication.Basic\Moon.AspNetCore.Authentication.Basic.csproj", "{C3E342E1-AD85-4CFA-BE87-664402D64835}"
EndProject
Project("{9A19103F-16F7-4668-BE54-9A1E7A4F7556}") = "Moon.AspNetCore.Authentication.MSOFBA", "src\Moon.AspNetCore.Authentication.MSOFBA\Moon.AspNetCore.Authentication.MSOFBA.csproj", "{FAEECFBA-1439-4257-A749-239C03ADBC8C}"
EndProject
Project("{9A19103F-16F7-4668-BE54-9A1E7A4F7556}") = "Moon.AspNetCore.Mvc", "src\Moon.AspNetCore.Mvc\Moon.AspNetCore.Mvc.csproj", "{984D3543-225D-4049-996F-2B2CBE128F57}"
EndProject
Project("{9A19103F-16F7-4668-BE54-9A1E7A4F7556}") = "Moon.AspNetCore.Authentication.Basic.Sample", "samples\Moon.AspNetCore.Authentication.Basic.Sample\Moon.AspNetCore.Authentication.Basic.Sample.csproj", "{20CB208A-5CAD-4A64-9F15-80FF8DB17CC0}"
EndProject
Project("{9A19103F-16F7-4668-BE54-9A1E7A4F7556}") = "Moon.AspNetCore.Mvc.Sample", "samples\Moon.AspNetCore.Mvc.Sample\Moon.AspNetCore.Mvc.Sample.csproj", "{58123F6C-D9C7-43E6-B9D9-BECF408C4768}"
EndProject
Global
	GlobalSection(SolutionConfigurationPlatforms) = preSolution
		Debug|Any CPU = Debug|Any CPU
		Release|Any CPU = Release|Any CPU
	EndGlobalSection
	GlobalSection(ProjectConfigurationPlatforms) = postSolution
		{6E1E806B-E035-4220-B6B5-972A24C1EAD9}.Debug|Any CPU.ActiveCfg = Debug|Any CPU
		{6E1E806B-E035-4220-B6B5-972A24C1EAD9}.Debug|Any CPU.Build.0 = Debug|Any CPU
		{6E1E806B-E035-4220-B6B5-972A24C1EAD9}.Release|Any CPU.ActiveCfg = Release|Any CPU
		{6E1E806B-E035-4220-B6B5-972A24C1EAD9}.Release|Any CPU.Build.0 = Release|Any CPU
		{C3E342E1-AD85-4CFA-BE87-664402D64835}.Debug|Any CPU.ActiveCfg = Debug|Any CPU
		{C3E342E1-AD85-4CFA-BE87-664402D64835}.Debug|Any CPU.Build.0 = Debug|Any CPU
		{C3E342E1-AD85-4CFA-BE87-664402D64835}.Release|Any CPU.ActiveCfg = Release|Any CPU
		{C3E342E1-AD85-4CFA-BE87-664402D64835}.Release|Any CPU.Build.0 = Release|Any CPU
		{FAEECFBA-1439-4257-A749-239C03ADBC8C}.Debug|Any CPU.ActiveCfg = Debug|Any CPU
		{FAEECFBA-1439-4257-A749-239C03ADBC8C}.Debug|Any CPU.Build.0 = Debug|Any CPU
		{FAEECFBA-1439-4257-A749-239C03ADBC8C}.Release|Any CPU.ActiveCfg = Release|Any CPU
		{FAEECFBA-1439-4257-A749-239C03ADBC8C}.Release|Any CPU.Build.0 = Release|Any CPU
		{984D3543-225D-4049-996F-2B2CBE128F57}.Debug|Any CPU.ActiveCfg = Debug|Any CPU
		{984D3543-225D-4049-996F-2B2CBE128F57}.Debug|Any CPU.Build.0 = Debug|Any CPU
		{984D3543-225D-4049-996F-2B2CBE128F57}.Release|Any CPU.ActiveCfg = Release|Any CPU
		{984D3543-225D-4049-996F-2B2CBE128F57}.Release|Any CPU.Build.0 = Release|Any CPU
		{20CB208A-5CAD-4A64-9F15-80FF8DB17CC0}.Debug|Any CPU.ActiveCfg = Debug|Any CPU
		{20CB208A-5CAD-4A64-9F15-80FF8DB17CC0}.Debug|Any CPU.Build.0 = Debug|Any CPU
		{20CB208A-5CAD-4A64-9F15-80FF8DB17CC0}.Release|Any CPU.ActiveCfg = Release|Any CPU
		{20CB208A-5CAD-4A64-9F15-80FF8DB17CC0}.Release|Any CPU.Build.0 = Release|Any CPU
		{58123F6C-D9C7-43E6-B9D9-BECF408C4768}.Debug|Any CPU.ActiveCfg = Debug|Any CPU
		{58123F6C-D9C7-43E6-B9D9-BECF408C4768}.Debug|Any CPU.Build.0 = Debug|Any CPU
		{58123F6C-D9C7-43E6-B9D9-BECF408C4768}.Release|Any CPU.ActiveCfg = Release|Any CPU
		{58123F6C-D9C7-43E6-B9D9-BECF408C4768}.Release|Any CPU.Build.0 = Release|Any CPU
	EndGlobalSection
	GlobalSection(SolutionProperties) = preSolution
		HideSolutionNode = FALSE
	EndGlobalSection
	GlobalSection(NestedProjects) = preSolution
		{6E1E806B-E035-4220-B6B5-972A24C1EAD9} = {4D228D77-9F07-4157-9F50-C95B41A4203F}
		{C3E342E1-AD85-4CFA-BE87-664402D64835} = {4D228D77-9F07-4157-9F50-C95B41A4203F}
		{FAEECFBA-1439-4257-A749-239C03ADBC8C} = {4D228D77-9F07-4157-9F50-C95B41A4203F}
		{984D3543-225D-4049-996F-2B2CBE128F57} = {4D228D77-9F07-4157-9F50-C95B41A4203F}
		{20CB208A-5CAD-4A64-9F15-80FF8DB17CC0} = {4C0F7C6B-9CA6-4398-BCA0-4B8376B4E49C}
		{58123F6C-D9C7-43E6-B9D9-BECF408C4768} = {4C0F7C6B-9CA6-4398-BCA0-4B8376B4E49C}
	EndGlobalSection
EndGlobal
