
Microsoft Visual Studio Solution File, Format Version 12.00
# Visual Studio 14
VisualStudioVersion = 14.0.22823.1
MinimumVisualStudioVersion = 10.0.40219.1
Project("{2150E333-8FDC-42A3-9474-1A3956D46DE8}") = "src", "src", "{4D228D77-9F07-4157-9F50-C95B41A4203F}"
EndProject
Project("{2150E333-8FDC-42A3-9474-1A3956D46DE8}") = "global", "global", "{3192E39D-CEBB-4C4F-A1D1-5F6588519D40}"
	ProjectSection(SolutionItems) = preProject
		.gitattributes = .gitattributes
		.gitignore = .gitignore
		appveyor.yml = appveyor.yml
		build.cmd = build.cmd
		build.fsx = build.fsx
		global.json = global.json
		LICENSE = LICENSE
		README.md = README.md
	EndProjectSection
EndProject
Project("{8BB2217D-0F2D-49D1-97BC-3654ED321F3B}") = "Moon.AspNet", "src\Moon.AspNet\Moon.AspNet.xproj", "{6E1E806B-E035-4220-B6B5-972A24C1EAD9}"
EndProject
Global
	GlobalSection(SolutionConfigurationPlatforms) = preSolution
		Debug|Any CPU = Debug|Any CPU
		Release|Any CPU = Release|Any CPU
	EndGlobalSection
	GlobalSection(ProjectConfigurationPlatforms) = postSolution
		{6E1E806B-E035-4220-B6B5-972A24C1EAD9}.Debug|Any CPU.ActiveCfg = Debug|Any CPU
		{6E1E806B-E035-4220-B6B5-972A24C1EAD9}.Debug|Any CPU.Build.0 = Debug|Any CPU
		{6E1E806B-E035-4220-B6B5-972A24C1EAD9}.Release|Any CPU.ActiveCfg = Release|Any CPU
		{6E1E806B-E035-4220-B6B5-972A24C1EAD9}.Release|Any CPU.Build.0 = Release|Any CPU
	EndGlobalSection
	GlobalSection(SolutionProperties) = preSolution
		HideSolutionNode = FALSE
	EndGlobalSection
	GlobalSection(NestedProjects) = preSolution
		{6E1E806B-E035-4220-B6B5-972A24C1EAD9} = {4D228D77-9F07-4157-9F50-C95B41A4203F}
	EndGlobalSection
EndGlobal
